
Microsoft Visual Studio Solution File, Format Version 12.00
# Visual Studio 15
VisualStudioVersion = 15.0.26124.0
MinimumVisualStudioVersion = 15.0.26124.0
Project("{2150E333-8FDC-42A3-9474-1A3956D46DE8}") = "src", "src", "{41323B40-C8C0-46EA-BA43-12CADD79DC2F}"
EndProject
Project("{9A19103F-16F7-4668-BE54-9A1E7A4F7556}") = "HyperMsg.Mqtt", "src\HyperMsg.Mqtt\HyperMsg.Mqtt.csproj", "{FC924483-39B8-4137-80B3-8F4025777671}"
EndProject
Project("{2150E333-8FDC-42A3-9474-1A3956D46DE8}") = "test", "test", "{A30AF15F-7E6E-4B38-A771-B345E3C53807}"
EndProject
Project("{9A19103F-16F7-4668-BE54-9A1E7A4F7556}") = "HyperMsg.Mqtt.Serialization.Tests", "test\HyperMsg.Mqtt.Tests\HyperMsg.Mqtt.Serialization.Tests.csproj", "{DFFE2B7E-AC07-4E7B-A7D0-F514E9B79302}"
EndProject
Project("{FAE04EC0-301F-11D3-BF4B-00C04F79EFBC}") = "HyperMsg.Mqtt.Serialization", "src\HyperMsg.Mqtt.Serialization\HyperMsg.Mqtt.Serialization.csproj", "{823E2353-DA81-477E-A3C9-494820AE561F}"
EndProject
Global
	GlobalSection(SolutionConfigurationPlatforms) = preSolution
		Debug|Any CPU = Debug|Any CPU
		Debug|x64 = Debug|x64
		Debug|x86 = Debug|x86
		Release|Any CPU = Release|Any CPU
		Release|x64 = Release|x64
		Release|x86 = Release|x86
	EndGlobalSection
	GlobalSection(ProjectConfigurationPlatforms) = postSolution
		{FC924483-39B8-4137-80B3-8F4025777671}.Debug|Any CPU.ActiveCfg = Debug|Any CPU
		{FC924483-39B8-4137-80B3-8F4025777671}.Debug|Any CPU.Build.0 = Debug|Any CPU
		{FC924483-39B8-4137-80B3-8F4025777671}.Debug|x64.ActiveCfg = Debug|Any CPU
		{FC924483-39B8-4137-80B3-8F4025777671}.Debug|x64.Build.0 = Debug|Any CPU
		{FC924483-39B8-4137-80B3-8F4025777671}.Debug|x86.ActiveCfg = Debug|Any CPU
		{FC924483-39B8-4137-80B3-8F4025777671}.Debug|x86.Build.0 = Debug|Any CPU
		{FC924483-39B8-4137-80B3-8F4025777671}.Release|Any CPU.ActiveCfg = Release|Any CPU
		{FC924483-39B8-4137-80B3-8F4025777671}.Release|Any CPU.Build.0 = Release|Any CPU
		{FC924483-39B8-4137-80B3-8F4025777671}.Release|x64.ActiveCfg = Release|Any CPU
		{FC924483-39B8-4137-80B3-8F4025777671}.Release|x64.Build.0 = Release|Any CPU
		{FC924483-39B8-4137-80B3-8F4025777671}.Release|x86.ActiveCfg = Release|Any CPU
		{FC924483-39B8-4137-80B3-8F4025777671}.Release|x86.Build.0 = Release|Any CPU
		{DFFE2B7E-AC07-4E7B-A7D0-F514E9B79302}.Debug|Any CPU.ActiveCfg = Debug|Any CPU
		{DFFE2B7E-AC07-4E7B-A7D0-F514E9B79302}.Debug|Any CPU.Build.0 = Debug|Any CPU
		{DFFE2B7E-AC07-4E7B-A7D0-F514E9B79302}.Debug|x64.ActiveCfg = Debug|Any CPU
		{DFFE2B7E-AC07-4E7B-A7D0-F514E9B79302}.Debug|x64.Build.0 = Debug|Any CPU
		{DFFE2B7E-AC07-4E7B-A7D0-F514E9B79302}.Debug|x86.ActiveCfg = Debug|Any CPU
		{DFFE2B7E-AC07-4E7B-A7D0-F514E9B79302}.Debug|x86.Build.0 = Debug|Any CPU
		{DFFE2B7E-AC07-4E7B-A7D0-F514E9B79302}.Release|Any CPU.ActiveCfg = Release|Any CPU
		{DFFE2B7E-AC07-4E7B-A7D0-F514E9B79302}.Release|Any CPU.Build.0 = Release|Any CPU
		{DFFE2B7E-AC07-4E7B-A7D0-F514E9B79302}.Release|x64.ActiveCfg = Release|Any CPU
		{DFFE2B7E-AC07-4E7B-A7D0-F514E9B79302}.Release|x64.Build.0 = Release|Any CPU
		{DFFE2B7E-AC07-4E7B-A7D0-F514E9B79302}.Release|x86.ActiveCfg = Release|Any CPU
		{DFFE2B7E-AC07-4E7B-A7D0-F514E9B79302}.Release|x86.Build.0 = Release|Any CPU
		{823E2353-DA81-477E-A3C9-494820AE561F}.Debug|Any CPU.ActiveCfg = Debug|Any CPU
		{823E2353-DA81-477E-A3C9-494820AE561F}.Debug|Any CPU.Build.0 = Debug|Any CPU
		{823E2353-DA81-477E-A3C9-494820AE561F}.Debug|x64.ActiveCfg = Debug|Any CPU
		{823E2353-DA81-477E-A3C9-494820AE561F}.Debug|x64.Build.0 = Debug|Any CPU
		{823E2353-DA81-477E-A3C9-494820AE561F}.Debug|x86.ActiveCfg = Debug|Any CPU
		{823E2353-DA81-477E-A3C9-494820AE561F}.Debug|x86.Build.0 = Debug|Any CPU
		{823E2353-DA81-477E-A3C9-494820AE561F}.Release|Any CPU.ActiveCfg = Release|Any CPU
		{823E2353-DA81-477E-A3C9-494820AE561F}.Release|Any CPU.Build.0 = Release|Any CPU
		{823E2353-DA81-477E-A3C9-494820AE561F}.Release|x64.ActiveCfg = Release|Any CPU
		{823E2353-DA81-477E-A3C9-494820AE561F}.Release|x64.Build.0 = Release|Any CPU
		{823E2353-DA81-477E-A3C9-494820AE561F}.Release|x86.ActiveCfg = Release|Any CPU
		{823E2353-DA81-477E-A3C9-494820AE561F}.Release|x86.Build.0 = Release|Any CPU
	EndGlobalSection
	GlobalSection(SolutionProperties) = preSolution
		HideSolutionNode = FALSE
	EndGlobalSection
	GlobalSection(NestedProjects) = preSolution
		{FC924483-39B8-4137-80B3-8F4025777671} = {41323B40-C8C0-46EA-BA43-12CADD79DC2F}
		{DFFE2B7E-AC07-4E7B-A7D0-F514E9B79302} = {A30AF15F-7E6E-4B38-A771-B345E3C53807}
		{823E2353-DA81-477E-A3C9-494820AE561F} = {41323B40-C8C0-46EA-BA43-12CADD79DC2F}
	EndGlobalSection
	GlobalSection(ExtensibilityGlobals) = postSolution
		SolutionGuid = {51319EA8-0B24-46D3-875C-0EC8CAB7BEC6}
	EndGlobalSection
EndGlobal
